
Microsoft Visual Studio Solution File, Format Version 12.00
# Visual Studio Version 16
VisualStudioVersion = 16.0.30320.27
MinimumVisualStudioVersion = 10.0.40219.1
Project("{9A19103F-16F7-4668-BE54-9A1E7A4F7556}") = "Reserve.Apresentacao", "Reserve.Apresentacao\Reserve.Apresentacao.csproj", "{F536E97A-5521-4874-B453-7F13CC48C79E}"
EndProject
Project("{9A19103F-16F7-4668-BE54-9A1E7A4F7556}") = "Reserve.Dominio", "Reserve.Dominio\Reserve.Dominio.csproj", "{23BD8B76-30A5-4CD7-B1F7-97A5F0B47E77}"
EndProject
Project("{9A19103F-16F7-4668-BE54-9A1E7A4F7556}") = "Reserve.Servico", "Reserve.Servico\Reserve.Servico.csproj", "{94E5EB85-8597-44AA-B20F-BBF81DE46E18}"
EndProject
Project("{FAE04EC0-301F-11D3-BF4B-00C04F79EFBC}") = "Reserve.Aplicacao", "Reserve.Aplicacao\Reserve.Aplicacao.csproj", "{DAC35A48-2731-4C34-9C41-53E072B5104A}"
EndProject
Global
	GlobalSection(SolutionConfigurationPlatforms) = preSolution
		Debug|Any CPU = Debug|Any CPU
		Release|Any CPU = Release|Any CPU
	EndGlobalSection
	GlobalSection(ProjectConfigurationPlatforms) = postSolution
		{F536E97A-5521-4874-B453-7F13CC48C79E}.Debug|Any CPU.ActiveCfg = Debug|Any CPU
		{F536E97A-5521-4874-B453-7F13CC48C79E}.Debug|Any CPU.Build.0 = Debug|Any CPU
		{F536E97A-5521-4874-B453-7F13CC48C79E}.Release|Any CPU.ActiveCfg = Release|Any CPU
		{F536E97A-5521-4874-B453-7F13CC48C79E}.Release|Any CPU.Build.0 = Release|Any CPU
		{23BD8B76-30A5-4CD7-B1F7-97A5F0B47E77}.Debug|Any CPU.ActiveCfg = Debug|Any CPU
		{23BD8B76-30A5-4CD7-B1F7-97A5F0B47E77}.Debug|Any CPU.Build.0 = Debug|Any CPU
		{23BD8B76-30A5-4CD7-B1F7-97A5F0B47E77}.Release|Any CPU.ActiveCfg = Release|Any CPU
		{23BD8B76-30A5-4CD7-B1F7-97A5F0B47E77}.Release|Any CPU.Build.0 = Release|Any CPU
		{94E5EB85-8597-44AA-B20F-BBF81DE46E18}.Debug|Any CPU.ActiveCfg = Debug|Any CPU
		{94E5EB85-8597-44AA-B20F-BBF81DE46E18}.Debug|Any CPU.Build.0 = Debug|Any CPU
		{94E5EB85-8597-44AA-B20F-BBF81DE46E18}.Release|Any CPU.ActiveCfg = Release|Any CPU
		{94E5EB85-8597-44AA-B20F-BBF81DE46E18}.Release|Any CPU.Build.0 = Release|Any CPU
		{DAC35A48-2731-4C34-9C41-53E072B5104A}.Debug|Any CPU.ActiveCfg = Debug|Any CPU
		{DAC35A48-2731-4C34-9C41-53E072B5104A}.Debug|Any CPU.Build.0 = Debug|Any CPU
		{DAC35A48-2731-4C34-9C41-53E072B5104A}.Release|Any CPU.ActiveCfg = Release|Any CPU
		{DAC35A48-2731-4C34-9C41-53E072B5104A}.Release|Any CPU.Build.0 = Release|Any CPU
	EndGlobalSection
	GlobalSection(SolutionProperties) = preSolution
		HideSolutionNode = FALSE
	EndGlobalSection
	GlobalSection(ExtensibilityGlobals) = postSolution
		SolutionGuid = {F5BE6FC5-44A8-4930-A6F8-F1853B40B9CD}
	EndGlobalSection
EndGlobal
